// !$*UTF8*$!
{
	archiveVersion = 1;
	classes = {
	};
	objectVersion = 46;
	objects = {

/* Begin PBXBuildFile section */
		190C45611B5547370038028B /* main.m in Sources */ = {isa = PBXBuildFile; fileRef = 190C45601B5547370038028B /* main.m */; };
		190C45641B5547370038028B /* AppDelegate.m in Sources */ = {isa = PBXBuildFile; fileRef = 190C45631B5547370038028B /* AppDelegate.m */; };
		190C45671B5547370038028B /* ViewController.m in Sources */ = {isa = PBXBuildFile; fileRef = 190C45661B5547370038028B /* ViewController.m */; };
		190C456A1B5547370038028B /* Main.storyboard in Resources */ = {isa = PBXBuildFile; fileRef = 190C45681B5547370038028B /* Main.storyboard */; };
		190C456C1B5547370038028B /* Assets.xcassets in Resources */ = {isa = PBXBuildFile; fileRef = 190C456B1B5547370038028B /* Assets.xcassets */; };
		190C456F1B5547370038028B /* LaunchScreen.storyboard in Resources */ = {isa = PBXBuildFile; fileRef = 190C456D1B5547370038028B /* LaunchScreen.storyboard */; };
		190C45771B5548860038028B /* CoreLocation.framework in Frameworks */ = {isa = PBXBuildFile; fileRef = 190C45761B5548860038028B /* CoreLocation.framework */; };
		190C45791B55488E0038028B /* UIKit.framework in Frameworks */ = {isa = PBXBuildFile; fileRef = 190C45781B55488E0038028B /* UIKit.framework */; };
		190C457B1B5548A30038028B /* MapKit.framework in Frameworks */ = {isa = PBXBuildFile; fileRef = 190C457A1B5548A30038028B /* MapKit.framework */; };
		190C457D1B5548AC0038028B /* Foundation.framework in Frameworks */ = {isa = PBXBuildFile; fileRef = 190C457C1B5548AC0038028B /* Foundation.framework */; };
		1961CABB1BCC274C00614090 /* ding.mp3 in Resources */ = {isa = PBXBuildFile; fileRef = 1961CABA1BCC274C00614090 /* ding.mp3 */; settings = {ASSET_TAGS = (); }; };
		1972DB0B1BB1E45900C45A3E /* ResultsController.m in Sources */ = {isa = PBXBuildFile; fileRef = 1972DB0A1BB1E45900C45A3E /* ResultsController.m */; settings = {ASSET_TAGS = (); }; };
		19B2E48D1BB86E17008C8974 /* Firebase.framework in Frameworks */ = {isa = PBXBuildFile; fileRef = 19B2E48C1BB86E17008C8974 /* Firebase.framework */; settings = {ASSET_TAGS = (); }; };
		19B2E48F1BB86E91008C8974 /* libicucore.tbd in Frameworks */ = {isa = PBXBuildFile; fileRef = 19B2E48E1BB86E91008C8974 /* libicucore.tbd */; };
		19B2E4911BB86EC3008C8974 /* libc++.tbd in Frameworks */ = {isa = PBXBuildFile; fileRef = 19B2E4901BB86EC3008C8974 /* libc++.tbd */; };
		19B2E4931BB86ED2008C8974 /* CFNetwork.framework in Frameworks */ = {isa = PBXBuildFile; fileRef = 19B2E4921BB86ED2008C8974 /* CFNetwork.framework */; };
		19B2E4951BB86EE0008C8974 /* Security.framework in Frameworks */ = {isa = PBXBuildFile; fileRef = 19B2E4941BB86EE0008C8974 /* Security.framework */; };
		19B2E4971BB86EF6008C8974 /* SystemConfiguration.framework in Frameworks */ = {isa = PBXBuildFile; fileRef = 19B2E4961BB86EF6008C8974 /* SystemConfiguration.framework */; };
		19DBE2141BB46AA400732CD8 /* AudioToolbox.framework in Frameworks */ = {isa = PBXBuildFile; fileRef = 19DBE2131BB46AA400732CD8 /* AudioToolbox.framework */; };
		19DBE2161BB4706600732CD8 /* AVFoundation.framework in Frameworks */ = {isa = PBXBuildFile; fileRef = 19DBE2151BB4706600732CD8 /* AVFoundation.framework */; };
		19E206731BA765CE00615C2D /* SettingsController.m in Sources */ = {isa = PBXBuildFile; fileRef = 19E206721BA765CE00615C2D /* SettingsController.m */; };
/* End PBXBuildFile section */

/* Begin PBXFileReference section */
		190C455C1B5547370038028B /* McApp.app */ = {isa = PBXFileReference; explicitFileType = wrapper.application; includeInIndex = 0; path = McApp.app; sourceTree = BUILT_PRODUCTS_DIR; };
		190C45601B5547370038028B /* main.m */ = {isa = PBXFileReference; lastKnownFileType = sourcecode.c.objc; path = main.m; sourceTree = "<group>"; };
		190C45621B5547370038028B /* AppDelegate.h */ = {isa = PBXFileReference; lastKnownFileType = sourcecode.c.h; path = AppDelegate.h; sourceTree = "<group>"; };
		190C45631B5547370038028B /* AppDelegate.m */ = {isa = PBXFileReference; lastKnownFileType = sourcecode.c.objc; path = AppDelegate.m; sourceTree = "<group>"; };
		190C45651B5547370038028B /* ViewController.h */ = {isa = PBXFileReference; lastKnownFileType = sourcecode.c.h; path = ViewController.h; sourceTree = "<group>"; };
		190C45661B5547370038028B /* ViewController.m */ = {isa = PBXFileReference; lastKnownFileType = sourcecode.c.objc; path = ViewController.m; sourceTree = "<group>"; };
		190C45691B5547370038028B /* Base */ = {isa = PBXFileReference; lastKnownFileType = file.storyboard; name = Base; path = Base.lproj/Main.storyboard; sourceTree = "<group>"; };
		190C456B1B5547370038028B /* Assets.xcassets */ = {isa = PBXFileReference; lastKnownFileType = folder.assetcatalog; path = Assets.xcassets; sourceTree = "<group>"; };
		190C456E1B5547370038028B /* Base */ = {isa = PBXFileReference; lastKnownFileType = file.storyboard; name = Base; path = Base.lproj/LaunchScreen.storyboard; sourceTree = "<group>"; };
		190C45761B5548860038028B /* CoreLocation.framework */ = {isa = PBXFileReference; lastKnownFileType = wrapper.framework; name = CoreLocation.framework; path = System/Library/Frameworks/CoreLocation.framework; sourceTree = SDKROOT; };
		190C45781B55488E0038028B /* UIKit.framework */ = {isa = PBXFileReference; lastKnownFileType = wrapper.framework; name = UIKit.framework; path = System/Library/Frameworks/UIKit.framework; sourceTree = SDKROOT; };
		190C457A1B5548A30038028B /* MapKit.framework */ = {isa = PBXFileReference; lastKnownFileType = wrapper.framework; name = MapKit.framework; path = System/Library/Frameworks/MapKit.framework; sourceTree = SDKROOT; };
		190C457C1B5548AC0038028B /* Foundation.framework */ = {isa = PBXFileReference; lastKnownFileType = wrapper.framework; name = Foundation.framework; path = System/Library/Frameworks/Foundation.framework; sourceTree = SDKROOT; };
		1961CABA1BCC274C00614090 /* ding.mp3 */ = {isa = PBXFileReference; lastKnownFileType = audio.mp3; path = ding.mp3; sourceTree = "<group>"; };
		1972DB091BB1E45900C45A3E /* ResultsController.h */ = {isa = PBXFileReference; fileEncoding = 4; lastKnownFileType = sourcecode.c.h; path = ResultsController.h; sourceTree = "<group>"; };
		1972DB0A1BB1E45900C45A3E /* ResultsController.m */ = {isa = PBXFileReference; fileEncoding = 4; lastKnownFileType = sourcecode.c.objc; path = ResultsController.m; sourceTree = "<group>"; };
		19B2E48C1BB86E17008C8974 /* Firebase.framework */ = {isa = PBXFileReference; lastKnownFileType = wrapper.framework; path = Firebase.framework; sourceTree = "<group>"; };
		19B2E48E1BB86E91008C8974 /* libicucore.tbd */ = {isa = PBXFileReference; lastKnownFileType = "sourcecode.text-based-dylib-definition"; name = libicucore.tbd; path = usr/lib/libicucore.tbd; sourceTree = SDKROOT; };
		19B2E4901BB86EC3008C8974 /* libc++.tbd */ = {isa = PBXFileReference; lastKnownFileType = "sourcecode.text-based-dylib-definition"; name = "libc++.tbd"; path = "usr/lib/libc++.tbd"; sourceTree = SDKROOT; };
		19B2E4921BB86ED2008C8974 /* CFNetwork.framework */ = {isa = PBXFileReference; lastKnownFileType = wrapper.framework; name = CFNetwork.framework; path = System/Library/Frameworks/CFNetwork.framework; sourceTree = SDKROOT; };
		19B2E4941BB86EE0008C8974 /* Security.framework */ = {isa = PBXFileReference; lastKnownFileType = wrapper.framework; name = Security.framework; path = System/Library/Frameworks/Security.framework; sourceTree = SDKROOT; };
		19B2E4961BB86EF6008C8974 /* SystemConfiguration.framework */ = {isa = PBXFileReference; lastKnownFileType = wrapper.framework; name = SystemConfiguration.framework; path = System/Library/Frameworks/SystemConfiguration.framework; sourceTree = SDKROOT; };
		19DBE2131BB46AA400732CD8 /* AudioToolbox.framework */ = {isa = PBXFileReference; lastKnownFileType = wrapper.framework; name = AudioToolbox.framework; path = System/Library/Frameworks/AudioToolbox.framework; sourceTree = SDKROOT; };
		19DBE2151BB4706600732CD8 /* AVFoundation.framework */ = {isa = PBXFileReference; lastKnownFileType = wrapper.framework; name = AVFoundation.framework; path = System/Library/Frameworks/AVFoundation.framework; sourceTree = SDKROOT; };
		19E206711BA765CE00615C2D /* SettingsController.h */ = {isa = PBXFileReference; fileEncoding = 4; lastKnownFileType = sourcecode.c.h; path = SettingsController.h; sourceTree = "<group>"; };
		19E206721BA765CE00615C2D /* SettingsController.m */ = {isa = PBXFileReference; fileEncoding = 4; lastKnownFileType = sourcecode.c.objc; path = SettingsController.m; sourceTree = "<group>"; };
/* End PBXFileReference section */

/* Begin PBXFrameworksBuildPhase section */
		190C45591B5547370038028B /* Frameworks */ = {
			isa = PBXFrameworksBuildPhase;
			buildActionMask = 2147483647;
			files = (
				19B2E4971BB86EF6008C8974 /* SystemConfiguration.framework in Frameworks */,
				19B2E4951BB86EE0008C8974 /* Security.framework in Frameworks */,
				19B2E4931BB86ED2008C8974 /* CFNetwork.framework in Frameworks */,
				19B2E4911BB86EC3008C8974 /* libc++.tbd in Frameworks */,
				19B2E48F1BB86E91008C8974 /* libicucore.tbd in Frameworks */,
				19DBE2161BB4706600732CD8 /* AVFoundation.framework in Frameworks */,
				19DBE2141BB46AA400732CD8 /* AudioToolbox.framework in Frameworks */,
				190C457D1B5548AC0038028B /* Foundation.framework in Frameworks */,
				19B2E48D1BB86E17008C8974 /* Firebase.framework in Frameworks */,
				190C457B1B5548A30038028B /* MapKit.framework in Frameworks */,
				190C45791B55488E0038028B /* UIKit.framework in Frameworks */,
				190C45771B5548860038028B /* CoreLocation.framework in Frameworks */,
			);
			runOnlyForDeploymentPostprocessing = 0;
		};
/* End PBXFrameworksBuildPhase section */

/* Begin PBXGroup section */
		190C45531B5547370038028B = {
			isa = PBXGroup;
			children = (
				19B2E4961BB86EF6008C8974 /* SystemConfiguration.framework */,
				19B2E4941BB86EE0008C8974 /* Security.framework */,
				19B2E4921BB86ED2008C8974 /* CFNetwork.framework */,
				19B2E4901BB86EC3008C8974 /* libc++.tbd */,
				19B2E48E1BB86E91008C8974 /* libicucore.tbd */,
				19B2E48C1BB86E17008C8974 /* Firebase.framework */,
				19DBE2151BB4706600732CD8 /* AVFoundation.framework */,
				19DBE2131BB46AA400732CD8 /* AudioToolbox.framework */,
				190C457C1B5548AC0038028B /* Foundation.framework */,
				190C457A1B5548A30038028B /* MapKit.framework */,
				190C45781B55488E0038028B /* UIKit.framework */,
				190C45761B5548860038028B /* CoreLocation.framework */,
				190C455E1B5547370038028B /* McApp */,
				190C455D1B5547370038028B /* Products */,
			);
			sourceTree = "<group>";
		};
		190C455D1B5547370038028B /* Products */ = {
			isa = PBXGroup;
			children = (
				190C455C1B5547370038028B /* McApp.app */,
			);
			name = Products;
			sourceTree = "<group>";
		};
		190C455E1B5547370038028B /* McApp */ = {
			isa = PBXGroup;
			children = (
				190C45621B5547370038028B /* AppDelegate.h */,
				190C45631B5547370038028B /* AppDelegate.m */,
				190C45651B5547370038028B /* ViewController.h */,
				190C45661B5547370038028B /* ViewController.m */,
				190C45681B5547370038028B /* Main.storyboard */,
				19E206711BA765CE00615C2D /* SettingsController.h */,
				19E206721BA765CE00615C2D /* SettingsController.m */,
				190C456B1B5547370038028B /* Assets.xcassets */,
				190C456D1B5547370038028B /* LaunchScreen.storyboard */,
				190C455F1B5547370038028B /* Supporting Files */,
				1972DB091BB1E45900C45A3E /* ResultsController.h */,
				1972DB0A1BB1E45900C45A3E /* ResultsController.m */,
			);
			path = McApp;
			sourceTree = "<group>";
		};
		190C455F1B5547370038028B /* Supporting Files */ = {
			isa = PBXGroup;
			children = (
				1961CABA1BCC274C00614090 /* ding.mp3 */,
				190C45601B5547370038028B /* main.m */,
			);
			name = "Supporting Files";
			sourceTree = "<group>";
		};
/* End PBXGroup section */

/* Begin PBXNativeTarget section */
		190C455B1B5547370038028B /* McApp */ = {
			isa = PBXNativeTarget;
			buildConfigurationList = 190C45731B5547370038028B /* Build configuration list for PBXNativeTarget "McApp" */;
			buildPhases = (
				190C45581B5547370038028B /* Sources */,
				190C45591B5547370038028B /* Frameworks */,
				190C455A1B5547370038028B /* Resources */,
			);
			buildRules = (
			);
			dependencies = (
			);
			name = McApp;
			productName = McApp;
			productReference = 190C455C1B5547370038028B /* McApp.app */;
			productType = "com.apple.product-type.application";
		};
/* End PBXNativeTarget section */

/* Begin PBXProject section */
		190C45541B5547370038028B /* Project object */ = {
			isa = PBXProject;
			attributes = {
				LastUpgradeCheck = 0700;
				ORGANIZATIONNAME = "Booker Washington";
				TargetAttributes = {
					190C455B1B5547370038028B = {
						CreatedOnToolsVersion = 7.0;
						DevelopmentTeam = WSZAJJ3TUM;
					};
				};
			};
			buildConfigurationList = 190C45571B5547370038028B /* Build configuration list for PBXProject "McApp" */;
			compatibilityVersion = "Xcode 3.2";
			developmentRegion = English;
			hasScannedForEncodings = 0;
			knownRegions = (
				en,
				Base,
			);
			mainGroup = 190C45531B5547370038028B;
			productRefGroup = 190C455D1B5547370038028B /* Products */;
			projectDirPath = "";
			projectRoot = "";
			targets = (
				190C455B1B5547370038028B /* McApp */,
			);
		};
/* End PBXProject section */

/* Begin PBXResourcesBuildPhase section */
		190C455A1B5547370038028B /* Resources */ = {
			isa = PBXResourcesBuildPhase;
			buildActionMask = 2147483647;
			files = (
				1961CABB1BCC274C00614090 /* ding.mp3 in Resources */,
				190C456F1B5547370038028B /* LaunchScreen.storyboard in Resources */,
				190C456C1B5547370038028B /* Assets.xcassets in Resources */,
				190C456A1B5547370038028B /* Main.storyboard in Resources */,
			);
			runOnlyForDeploymentPostprocessing = 0;
		};
/* End PBXResourcesBuildPhase section */

/* Begin PBXSourcesBuildPhase section */
		190C45581B5547370038028B /* Sources */ = {
			isa = PBXSourcesBuildPhase;
			buildActionMask = 2147483647;
			files = (
				1972DB0B1BB1E45900C45A3E /* ResultsController.m in Sources */,
				19E206731BA765CE00615C2D /* SettingsController.m in Sources */,
				190C45671B5547370038028B /* ViewController.m in Sources */,
				190C45641B5547370038028B /* AppDelegate.m in Sources */,
				190C45611B5547370038028B /* main.m in Sources */,
			);
			runOnlyForDeploymentPostprocessing = 0;
		};
/* End PBXSourcesBuildPhase section */

/* Begin PBXVariantGroup section */
		190C45681B5547370038028B /* Main.storyboard */ = {
			isa = PBXVariantGroup;
			children = (
				190C45691B5547370038028B /* Base */,
			);
			name = Main.storyboard;
			sourceTree = "<group>";
		};
		190C456D1B5547370038028B /* LaunchScreen.storyboard */ = {
			isa = PBXVariantGroup;
			children = (
				190C456E1B5547370038028B /* Base */,
			);
			name = LaunchScreen.storyboard;
			sourceTree = "<group>";
		};
/* End PBXVariantGroup section */

/* Begin XCBuildConfiguration section */
		190C45711B5547370038028B /* Debug */ = {
			isa = XCBuildConfiguration;
			buildSettings = {
				ALWAYS_SEARCH_USER_PATHS = NO;
				CLANG_CXX_LANGUAGE_STANDARD = "gnu++0x";
				CLANG_CXX_LIBRARY = "libc++";
				CLANG_ENABLE_MODULES = YES;
				CLANG_ENABLE_OBJC_ARC = YES;
				CLANG_WARN_BOOL_CONVERSION = YES;
				CLANG_WARN_CONSTANT_CONVERSION = YES;
				CLANG_WARN_DIRECT_OBJC_ISA_USAGE = YES_ERROR;
				CLANG_WARN_EMPTY_BODY = YES;
				CLANG_WARN_ENUM_CONVERSION = YES;
				CLANG_WARN_INT_CONVERSION = YES;
				CLANG_WARN_OBJC_ROOT_CLASS = YES_ERROR;
				CLANG_WARN_UNREACHABLE_CODE = YES;
				CLANG_WARN__DUPLICATE_METHOD_MATCH = YES;
				"CODE_SIGN_IDENTITY[sdk=iphoneos*]" = "iPhone Developer";
				COPY_PHASE_STRIP = NO;
				DEBUG_INFORMATION_FORMAT = dwarf;
				ENABLE_STRICT_OBJC_MSGSEND = YES;
				ENABLE_TESTABILITY = YES;
				GCC_C_LANGUAGE_STANDARD = gnu99;
				GCC_DYNAMIC_NO_PIC = NO;
				GCC_NO_COMMON_BLOCKS = YES;
				GCC_OPTIMIZATION_LEVEL = 0;
				GCC_PREPROCESSOR_DEFINITIONS = (
					"DEBUG=1",
					"$(inherited)",
				);
				GCC_WARN_64_TO_32_BIT_CONVERSION = YES;
				GCC_WARN_ABOUT_RETURN_TYPE = YES_ERROR;
				GCC_WARN_UNDECLARED_SELECTOR = YES;
				GCC_WARN_UNINITIALIZED_AUTOS = YES_AGGRESSIVE;
				GCC_WARN_UNUSED_FUNCTION = YES;
				GCC_WARN_UNUSED_VARIABLE = YES;
				IPHONEOS_DEPLOYMENT_TARGET = 9.0;
				MTL_ENABLE_DEBUG_INFO = YES;
				ONLY_ACTIVE_ARCH = YES;
				SDKROOT = iphoneos;
			};
			name = Debug;
		};
		190C45721B5547370038028B /* Release */ = {
			isa = XCBuildConfiguration;
			buildSettings = {
				ALWAYS_SEARCH_USER_PATHS = NO;
				CLANG_CXX_LANGUAGE_STANDARD = "gnu++0x";
				CLANG_CXX_LIBRARY = "libc++";
				CLANG_ENABLE_MODULES = YES;
				CLANG_ENABLE_OBJC_ARC = YES;
				CLANG_WARN_BOOL_CONVERSION = YES;
				CLANG_WARN_CONSTANT_CONVERSION = YES;
				CLANG_WARN_DIRECT_OBJC_ISA_USAGE = YES_ERROR;
				CLANG_WARN_EMPTY_BODY = YES;
				CLANG_WARN_ENUM_CONVERSION = YES;
				CLANG_WARN_INT_CONVERSION = YES;
				CLANG_WARN_OBJC_ROOT_CLASS = YES_ERROR;
				CLANG_WARN_UNREACHABLE_CODE = YES;
				CLANG_WARN__DUPLICATE_METHOD_MATCH = YES;
				"CODE_SIGN_IDENTITY[sdk=iphoneos*]" = "iPhone Developer";
				COPY_PHASE_STRIP = NO;
				DEBUG_INFORMATION_FORMAT = "dwarf-with-dsym";
				ENABLE_NS_ASSERTIONS = NO;
				ENABLE_STRICT_OBJC_MSGSEND = YES;
				GCC_C_LANGUAGE_STANDARD = gnu99;
				GCC_NO_COMMON_BLOCKS = YES;
				GCC_WARN_64_TO_32_BIT_CONVERSION = YES;
				GCC_WARN_ABOUT_RETURN_TYPE = YES_ERROR;
				GCC_WARN_UNDECLARED_SELECTOR = YES;
				GCC_WARN_UNINITIALIZED_AUTOS = YES_AGGRESSIVE;
				GCC_WARN_UNUSED_FUNCTION = YES;
				GCC_WARN_UNUSED_VARIABLE = YES;
				IPHONEOS_DEPLOYMENT_TARGET = 9.0;
				MTL_ENABLE_DEBUG_INFO = NO;
				SDKROOT = iphoneos;
				VALIDATE_PRODUCT = YES;
			};
			name = Release;
		};
		190C45741B5547370038028B /* Debug */ = {
			isa = XCBuildConfiguration;
			buildSettings = {
				ASSETCATALOG_COMPILER_APPICON_NAME = AppIcon;
				CODE_SIGN_IDENTITY = "iPhone Developer";
				ENABLE_BITCODE = NO;
				FRAMEWORK_SEARCH_PATHS = (
					"$(inherited)",
					"$(PROJECT_DIR)",
				);
				INFOPLIST_FILE = McApp/Info.plist;
				IPHONEOS_DEPLOYMENT_TARGET = 8.3;
				LD_RUNPATH_SEARCH_PATHS = "$(inherited) @executable_path/Frameworks";
				OTHER_LDFLAGS = "-ObjC";
				PRODUCT_BUNDLE_IDENTIFIER = McDonalds.McApp;
				PRODUCT_NAME = McApp;
			};
			name = Debug;
		};
		190C45751B5547370038028B /* Release */ = {
			isa = XCBuildConfiguration;
			buildSettings = {
				ASSETCATALOG_COMPILER_APPICON_NAME = AppIcon;
				CODE_SIGN_IDENTITY = "iPhone Developer";
				ENABLE_BITCODE = NO;
				FRAMEWORK_SEARCH_PATHS = (
					"$(inherited)",
					"$(PROJECT_DIR)",
				);
				INFOPLIST_FILE = McApp/Info.plist;
				IPHONEOS_DEPLOYMENT_TARGET = 8.3;
				LD_RUNPATH_SEARCH_PATHS = "$(inherited) @executable_path/Frameworks";
				OTHER_LDFLAGS = "-ObjC";
				PRODUCT_BUNDLE_IDENTIFIER = McDonalds.McApp;
				PRODUCT_NAME = McApp;
			};
			name = Release;
		};
/* End XCBuildConfiguration section */

/* Begin XCConfigurationList section */
		190C45571B5547370038028B /* Build configuration list for PBXProject "McApp" */ = {
			isa = XCConfigurationList;
			buildConfigurations = (
				190C45711B5547370038028B /* Debug */,
				190C45721B5547370038028B /* Release */,
			);
			defaultConfigurationIsVisible = 0;
			defaultConfigurationName = Release;
		};
		190C45731B5547370038028B /* Build configuration list for PBXNativeTarget "McApp" */ = {
			isa = XCConfigurationList;
			buildConfigurations = (
				190C45741B5547370038028B /* Debug */,
				190C45751B5547370038028B /* Release */,
			);
			defaultConfigurationIsVisible = 0;
			defaultConfigurationName = Release;
		};
/* End XCConfigurationList section */
	};
	rootObject = 190C45541B5547370038028B /* Project object */;
}
